// !$*UTF8*$!
{
	archiveVersion = 1;
	classes = {
	};
	objectVersion = 46;
	objects = {

/* Begin PBXBuildFile section */
		18708BF11E7A8D770044DCDB /* main.m in Sources */ = {isa = PBXBuildFile; fileRef = 18708BF01E7A8D770044DCDB /* main.m */; };
		18708BF41E7A8D770044DCDB /* AppDelegate.m in Sources */ = {isa = PBXBuildFile; fileRef = 18708BF31E7A8D770044DCDB /* AppDelegate.m */; };
		18708BFA1E7A8D770044DCDB /* Main.storyboard in Resources */ = {isa = PBXBuildFile; fileRef = 18708BF81E7A8D770044DCDB /* Main.storyboard */; };
		18708BFC1E7A8D770044DCDB /* Assets.xcassets in Resources */ = {isa = PBXBuildFile; fileRef = 18708BFB1E7A8D770044DCDB /* Assets.xcassets */; };
		18708BFF1E7A8D770044DCDB /* LaunchScreen.storyboard in Resources */ = {isa = PBXBuildFile; fileRef = 18708BFD1E7A8D770044DCDB /* LaunchScreen.storyboard */; };
		18708C0B1E7A8DC30044DCDB /* JSCallOC.html in Resources */ = {isa = PBXBuildFile; fileRef = 18708C071E7A8DC30044DCDB /* JSCallOC.html */; };
		18708C0C1E7A8DC30044DCDB /* JSCallOCViewController.m in Sources */ = {isa = PBXBuildFile; fileRef = 18708C091E7A8DC30044DCDB /* JSCallOCViewController.m */; };
		18708C0D1E7A8DC30044DCDB /* JSCallOCViewController.xib in Resources */ = {isa = PBXBuildFile; fileRef = 18708C0A1E7A8DC30044DCDB /* JSCallOCViewController.xib */; };
		18708C121E7A8DC90044DCDB /* OCCallJSViewController.m in Sources */ = {isa = PBXBuildFile; fileRef = 18708C101E7A8DC90044DCDB /* OCCallJSViewController.m */; };
		18708C131E7A8DC90044DCDB /* OCCallJSViewController.xib in Resources */ = {isa = PBXBuildFile; fileRef = 18708C111E7A8DC90044DCDB /* OCCallJSViewController.xib */; };
		18708C1B1E7A8DE30044DCDB /* RootViewController.m in Sources */ = {isa = PBXBuildFile; fileRef = 18708C151E7A8DE30044DCDB /* RootViewController.m */; };
		18708C1C1E7A8DE30044DCDB /* RootViewController.xib in Resources */ = {isa = PBXBuildFile; fileRef = 18708C161E7A8DE30044DCDB /* RootViewController.xib */; };
		18708C1D1E7A8DE30044DCDB /* SecondViewController.m in Sources */ = {isa = PBXBuildFile; fileRef = 18708C181E7A8DE30044DCDB /* SecondViewController.m */; };
		18708C1E1E7A8DE40044DCDB /* SecondViewController.xib in Resources */ = {isa = PBXBuildFile; fileRef = 18708C191E7A8DE30044DCDB /* SecondViewController.xib */; };
		18708C1F1E7A8DE40044DCDB /* test.js in Resources */ = {isa = PBXBuildFile; fileRef = 18708C1A1E7A8DE30044DCDB /* test.js */; };
		18708C271E7A8E200044DCDB /* highcharts.js in Resources */ = {isa = PBXBuildFile; fileRef = 18708C211E7A8E200044DCDB /* highcharts.js */; };
		18708C281E7A8E200044DCDB /* HighchartsView.html in Resources */ = {isa = PBXBuildFile; fileRef = 18708C221E7A8E200044DCDB /* HighchartsView.html */; };
		18708C291E7A8E200044DCDB /* HighchartsWebViewController.m in Sources */ = {isa = PBXBuildFile; fileRef = 18708C241E7A8E200044DCDB /* HighchartsWebViewController.m */; };
		18708C2A1E7A8E200044DCDB /* HighchartsWebViewController.xib in Resources */ = {isa = PBXBuildFile; fileRef = 18708C251E7A8E200044DCDB /* HighchartsWebViewController.xib */; };
		18708C2B1E7A8E200044DCDB /* jquery-1.11.0.min.js in Resources */ = {isa = PBXBuildFile; fileRef = 18708C261E7A8E200044DCDB /* jquery-1.11.0.min.js */; };
/* End PBXBuildFile section */

/* Begin PBXFileReference section */
		18708BEC1E7A8D770044DCDB /* JS-OC.app */ = {isa = PBXFileReference; explicitFileType = wrapper.application; includeInIndex = 0; path = "JS-OC.app"; sourceTree = BUILT_PRODUCTS_DIR; };
		18708BF01E7A8D770044DCDB /* main.m */ = {isa = PBXFileReference; lastKnownFileType = sourcecode.c.objc; path = main.m; sourceTree = "<group>"; };
		18708BF21E7A8D770044DCDB /* AppDelegate.h */ = {isa = PBXFileReference; lastKnownFileType = sourcecode.c.h; path = AppDelegate.h; sourceTree = "<group>"; };
		18708BF31E7A8D770044DCDB /* AppDelegate.m */ = {isa = PBXFileReference; lastKnownFileType = sourcecode.c.objc; path = AppDelegate.m; sourceTree = "<group>"; };
		18708BF91E7A8D770044DCDB /* Base */ = {isa = PBXFileReference; lastKnownFileType = file.storyboard; name = Base; path = Base.lproj/Main.storyboard; sourceTree = "<group>"; };
		18708BFB1E7A8D770044DCDB /* Assets.xcassets */ = {isa = PBXFileReference; lastKnownFileType = folder.assetcatalog; path = Assets.xcassets; sourceTree = "<group>"; };
		18708BFE1E7A8D770044DCDB /* Base */ = {isa = PBXFileReference; lastKnownFileType = file.storyboard; name = Base; path = Base.lproj/LaunchScreen.storyboard; sourceTree = "<group>"; };
		18708C001E7A8D770044DCDB /* Info.plist */ = {isa = PBXFileReference; lastKnownFileType = text.plist.xml; path = Info.plist; sourceTree = "<group>"; };
		18708C071E7A8DC30044DCDB /* JSCallOC.html */ = {isa = PBXFileReference; fileEncoding = 4; lastKnownFileType = text.html; path = JSCallOC.html; sourceTree = "<group>"; };
		18708C081E7A8DC30044DCDB /* JSCallOCViewController.h */ = {isa = PBXFileReference; fileEncoding = 4; lastKnownFileType = sourcecode.c.h; path = JSCallOCViewController.h; sourceTree = "<group>"; };
		18708C091E7A8DC30044DCDB /* JSCallOCViewController.m */ = {isa = PBXFileReference; fileEncoding = 4; lastKnownFileType = sourcecode.c.objc; path = JSCallOCViewController.m; sourceTree = "<group>"; };
		18708C0A1E7A8DC30044DCDB /* JSCallOCViewController.xib */ = {isa = PBXFileReference; fileEncoding = 4; lastKnownFileType = file.xib; path = JSCallOCViewController.xib; sourceTree = "<group>"; };
		18708C0F1E7A8DC90044DCDB /* OCCallJSViewController.h */ = {isa = PBXFileReference; fileEncoding = 4; lastKnownFileType = sourcecode.c.h; path = OCCallJSViewController.h; sourceTree = "<group>"; };
		18708C101E7A8DC90044DCDB /* OCCallJSViewController.m */ = {isa = PBXFileReference; fileEncoding = 4; lastKnownFileType = sourcecode.c.objc; path = OCCallJSViewController.m; sourceTree = "<group>"; };
		18708C111E7A8DC90044DCDB /* OCCallJSViewController.xib */ = {isa = PBXFileReference; fileEncoding = 4; lastKnownFileType = file.xib; path = OCCallJSViewController.xib; sourceTree = "<group>"; };
		18708C141E7A8DE30044DCDB /* RootViewController.h */ = {isa = PBXFileReference; fileEncoding = 4; lastKnownFileType = sourcecode.c.h; path = RootViewController.h; sourceTree = "<group>"; };
		18708C151E7A8DE30044DCDB /* RootViewController.m */ = {isa = PBXFileReference; fileEncoding = 4; lastKnownFileType = sourcecode.c.objc; path = RootViewController.m; sourceTree = "<group>"; };
		18708C161E7A8DE30044DCDB /* RootViewController.xib */ = {isa = PBXFileReference; fileEncoding = 4; lastKnownFileType = file.xib; path = RootViewController.xib; sourceTree = "<group>"; };
		18708C171E7A8DE30044DCDB /* SecondViewController.h */ = {isa = PBXFileReference; fileEncoding = 4; lastKnownFileType = sourcecode.c.h; path = SecondViewController.h; sourceTree = "<group>"; };
		18708C181E7A8DE30044DCDB /* SecondViewController.m */ = {isa = PBXFileReference; fileEncoding = 4; lastKnownFileType = sourcecode.c.objc; path = SecondViewController.m; sourceTree = "<group>"; };
		18708C191E7A8DE30044DCDB /* SecondViewController.xib */ = {isa = PBXFileReference; fileEncoding = 4; lastKnownFileType = file.xib; path = SecondViewController.xib; sourceTree = "<group>"; };
		18708C1A1E7A8DE30044DCDB /* test.js */ = {isa = PBXFileReference; fileEncoding = 4; lastKnownFileType = sourcecode.javascript; path = test.js; sourceTree = "<group>"; };
		18708C211E7A8E200044DCDB /* highcharts.js */ = {isa = PBXFileReference; fileEncoding = 4; lastKnownFileType = sourcecode.javascript; path = highcharts.js; sourceTree = "<group>"; };
		18708C221E7A8E200044DCDB /* HighchartsView.html */ = {isa = PBXFileReference; fileEncoding = 4; lastKnownFileType = text.html; path = HighchartsView.html; sourceTree = "<group>"; };
		18708C231E7A8E200044DCDB /* HighchartsWebViewController.h */ = {isa = PBXFileReference; fileEncoding = 4; lastKnownFileType = sourcecode.c.h; path = HighchartsWebViewController.h; sourceTree = "<group>"; };
		18708C241E7A8E200044DCDB /* HighchartsWebViewController.m */ = {isa = PBXFileReference; fileEncoding = 4; lastKnownFileType = sourcecode.c.objc; path = HighchartsWebViewController.m; sourceTree = "<group>"; };
		18708C251E7A8E200044DCDB /* HighchartsWebViewController.xib */ = {isa = PBXFileReference; fileEncoding = 4; lastKnownFileType = file.xib; path = HighchartsWebViewController.xib; sourceTree = "<group>"; };
		18708C261E7A8E200044DCDB /* jquery-1.11.0.min.js */ = {isa = PBXFileReference; fileEncoding = 4; lastKnownFileType = sourcecode.javascript; path = "jquery-1.11.0.min.js"; sourceTree = "<group>"; };
/* End PBXFileReference section */

/* Begin PBXFrameworksBuildPhase section */
		18708BE91E7A8D770044DCDB /* Frameworks */ = {
			isa = PBXFrameworksBuildPhase;
			buildActionMask = 2147483647;
			files = (
			);
			runOnlyForDeploymentPostprocessing = 0;
		};
/* End PBXFrameworksBuildPhase section */

/* Begin PBXGroup section */
		18708BE31E7A8D770044DCDB = {
			isa = PBXGroup;
			children = (
				18708BEE1E7A8D770044DCDB /* JS-OC */,
				18708BED1E7A8D770044DCDB /* Products */,
			);
			sourceTree = "<group>";
		};
		18708BED1E7A8D770044DCDB /* Products */ = {
			isa = PBXGroup;
			children = (
				18708BEC1E7A8D770044DCDB /* JS-OC.app */,
			);
			name = Products;
			sourceTree = "<group>";
		};
		18708BEE1E7A8D770044DCDB /* JS-OC */ = {
			isa = PBXGroup;
			children = (
				18708C201E7A8E200044DCDB /* HighcharsWebView */,
				18708C0E1E7A8DC90044DCDB /* OCCallJS */,
				18708C061E7A8DC30044DCDB /* JSCallOC */,
				18708BF21E7A8D770044DCDB /* AppDelegate.h */,
				18708BF31E7A8D770044DCDB /* AppDelegate.m */,
				18708C141E7A8DE30044DCDB /* RootViewController.h */,
				18708C151E7A8DE30044DCDB /* RootViewController.m */,
				18708C161E7A8DE30044DCDB /* RootViewController.xib */,
				18708C171E7A8DE30044DCDB /* SecondViewController.h */,
				18708C181E7A8DE30044DCDB /* SecondViewController.m */,
				18708C191E7A8DE30044DCDB /* SecondViewController.xib */,
				18708C1A1E7A8DE30044DCDB /* test.js */,
				18708BF81E7A8D770044DCDB /* Main.storyboard */,
				18708BFB1E7A8D770044DCDB /* Assets.xcassets */,
				18708BFD1E7A8D770044DCDB /* LaunchScreen.storyboard */,
				18708C001E7A8D770044DCDB /* Info.plist */,
				18708BEF1E7A8D770044DCDB /* Supporting Files */,
			);
			path = "JS-OC";
			sourceTree = "<group>";
		};
		18708BEF1E7A8D770044DCDB /* Supporting Files */ = {
			isa = PBXGroup;
			children = (
				18708BF01E7A8D770044DCDB /* main.m */,
			);
			name = "Supporting Files";
			sourceTree = "<group>";
		};
		18708C061E7A8DC30044DCDB /* JSCallOC */ = {
			isa = PBXGroup;
			children = (
				18708C071E7A8DC30044DCDB /* JSCallOC.html */,
				18708C081E7A8DC30044DCDB /* JSCallOCViewController.h */,
				18708C091E7A8DC30044DCDB /* JSCallOCViewController.m */,
				18708C0A1E7A8DC30044DCDB /* JSCallOCViewController.xib */,
			);
			path = JSCallOC;
			sourceTree = "<group>";
		};
		18708C0E1E7A8DC90044DCDB /* OCCallJS */ = {
			isa = PBXGroup;
			children = (
				18708C0F1E7A8DC90044DCDB /* OCCallJSViewController.h */,
				18708C101E7A8DC90044DCDB /* OCCallJSViewController.m */,
				18708C111E7A8DC90044DCDB /* OCCallJSViewController.xib */,
			);
			path = OCCallJS;
			sourceTree = "<group>";
		};
		18708C201E7A8E200044DCDB /* HighcharsWebView */ = {
			isa = PBXGroup;
			children = (
				18708C211E7A8E200044DCDB /* highcharts.js */,
				18708C221E7A8E200044DCDB /* HighchartsView.html */,
				18708C231E7A8E200044DCDB /* HighchartsWebViewController.h */,
				18708C241E7A8E200044DCDB /* HighchartsWebViewController.m */,
				18708C251E7A8E200044DCDB /* HighchartsWebViewController.xib */,
				18708C261E7A8E200044DCDB /* jquery-1.11.0.min.js */,
			);
			path = HighcharsWebView;
			sourceTree = "<group>";
		};
/* End PBXGroup section */

/* Begin PBXNativeTarget section */
		18708BEB1E7A8D770044DCDB /* JS-OC */ = {
			isa = PBXNativeTarget;
			buildConfigurationList = 18708C031E7A8D770044DCDB /* Build configuration list for PBXNativeTarget "JS-OC" */;
			buildPhases = (
				18708BE81E7A8D770044DCDB /* Sources */,
				18708BE91E7A8D770044DCDB /* Frameworks */,
				18708BEA1E7A8D770044DCDB /* Resources */,
			);
			buildRules = (
			);
			dependencies = (
			);
			name = "JS-OC";
			productName = "JS-OC";
			productReference = 18708BEC1E7A8D770044DCDB /* JS-OC.app */;
			productType = "com.apple.product-type.application";
		};
/* End PBXNativeTarget section */

/* Begin PBXProject section */
		18708BE41E7A8D770044DCDB /* Project object */ = {
			isa = PBXProject;
			attributes = {
				LastUpgradeCheck = 0820;
				ORGANIZATIONNAME = fanxiaobin;
				TargetAttributes = {
					18708BEB1E7A8D770044DCDB = {
						CreatedOnToolsVersion = 8.2.1;
						ProvisioningStyle = Automatic;
					};
				};
			};
			buildConfigurationList = 18708BE71E7A8D770044DCDB /* Build configuration list for PBXProject "JS-OC" */;
			compatibilityVersion = "Xcode 3.2";
			developmentRegion = English;
			hasScannedForEncodings = 0;
			knownRegions = (
				en,
				Base,
			);
			mainGroup = 18708BE31E7A8D770044DCDB;
			productRefGroup = 18708BED1E7A8D770044DCDB /* Products */;
			projectDirPath = "";
			projectRoot = "";
			targets = (
				18708BEB1E7A8D770044DCDB /* JS-OC */,
			);
		};
/* End PBXProject section */

/* Begin PBXResourcesBuildPhase section */
		18708BEA1E7A8D770044DCDB /* Resources */ = {
			isa = PBXResourcesBuildPhase;
			buildActionMask = 2147483647;
			files = (
				18708C1F1E7A8DE40044DCDB /* test.js in Resources */,
				18708BFF1E7A8D770044DCDB /* LaunchScreen.storyboard in Resources */,
				18708C2A1E7A8E200044DCDB /* HighchartsWebViewController.xib in Resources */,
				18708BFC1E7A8D770044DCDB /* Assets.xcassets in Resources */,
				18708C2B1E7A8E200044DCDB /* jquery-1.11.0.min.js in Resources */,
				18708C271E7A8E200044DCDB /* highcharts.js in Resources */,
				18708BFA1E7A8D770044DCDB /* Main.storyboard in Resources */,
				18708C131E7A8DC90044DCDB /* OCCallJSViewController.xib in Resources */,
				18708C1E1E7A8DE40044DCDB /* SecondViewController.xib in Resources */,
				18708C281E7A8E200044DCDB /* HighchartsView.html in Resources */,
				18708C1C1E7A8DE30044DCDB /* RootViewController.xib in Resources */,
				18708C0D1E7A8DC30044DCDB /* JSCallOCViewController.xib in Resources */,
				18708C0B1E7A8DC30044DCDB /* JSCallOC.html in Resources */,
			);
			runOnlyForDeploymentPostprocessing = 0;
		};
/* End PBXResourcesBuildPhase section */

/* Begin PBXSourcesBuildPhase section */
		18708BE81E7A8D770044DCDB /* Sources */ = {
			isa = PBXSourcesBuildPhase;
			buildActionMask = 2147483647;
			files = (
				18708C1D1E7A8DE30044DCDB /* SecondViewController.m in Sources */,
				18708C0C1E7A8DC30044DCDB /* JSCallOCViewController.m in Sources */,
				18708BF41E7A8D770044DCDB /* AppDelegate.m in Sources */,
				18708C121E7A8DC90044DCDB /* OCCallJSViewController.m in Sources */,
				18708BF11E7A8D770044DCDB /* main.m in Sources */,
				18708C291E7A8E200044DCDB /* HighchartsWebViewController.m in Sources */,
				18708C1B1E7A8DE30044DCDB /* RootViewController.m in Sources */,
			);
			runOnlyForDeploymentPostprocessing = 0;
		};
/* End PBXSourcesBuildPhase section */

/* Begin PBXVariantGroup section */
		18708BF81E7A8D770044DCDB /* Main.storyboard */ = {
			isa = PBXVariantGroup;
			children = (
				18708BF91E7A8D770044DCDB /* Base */,
			);
			name = Main.storyboard;
			sourceTree = "<group>";
		};
		18708BFD1E7A8D770044DCDB /* LaunchScreen.storyboard */ = {
			isa = PBXVariantGroup;
			children = (
				18708BFE1E7A8D770044DCDB /* Base */,
			);
			name = LaunchScreen.storyboard;
			sourceTree = "<group>";
		};
/* End PBXVariantGroup section */

/* Begin XCBuildConfiguration section */
		18708C011E7A8D770044DCDB /* Debug */ = {
			isa = XCBuildConfiguration;
			buildSettings = {
				ALWAYS_SEARCH_USER_PATHS = NO;
				CLANG_ANALYZER_NONNULL = YES;
				CLANG_CXX_LANGUAGE_STANDARD = "gnu++0x";
				CLANG_CXX_LIBRARY = "libc++";
				CLANG_ENABLE_MODULES = YES;
				CLANG_ENABLE_OBJC_ARC = YES;
				CLANG_WARN_BOOL_CONVERSION = YES;
				CLANG_WARN_CONSTANT_CONVERSION = YES;
				CLANG_WARN_DIRECT_OBJC_ISA_USAGE = YES_ERROR;
				CLANG_WARN_DOCUMENTATION_COMMENTS = YES;
				CLANG_WARN_EMPTY_BODY = YES;
				CLANG_WARN_ENUM_CONVERSION = YES;
				CLANG_WARN_INFINITE_RECURSION = YES;
				CLANG_WARN_INT_CONVERSION = YES;
				CLANG_WARN_OBJC_ROOT_CLASS = YES_ERROR;
				CLANG_WARN_SUSPICIOUS_MOVE = YES;
				CLANG_WARN_UNREACHABLE_CODE = YES;
				CLANG_WARN__DUPLICATE_METHOD_MATCH = YES;
				"CODE_SIGN_IDENTITY[sdk=iphoneos*]" = "iPhone Developer";
				COPY_PHASE_STRIP = NO;
				DEBUG_INFORMATION_FORMAT = dwarf;
				ENABLE_STRICT_OBJC_MSGSEND = YES;
				ENABLE_TESTABILITY = YES;
				GCC_C_LANGUAGE_STANDARD = gnu99;
				GCC_DYNAMIC_NO_PIC = NO;
				GCC_NO_COMMON_BLOCKS = YES;
				GCC_OPTIMIZATION_LEVEL = 0;
				GCC_PREPROCESSOR_DEFINITIONS = (
					"DEBUG=1",
					"$(inherited)",
				);
				GCC_WARN_64_TO_32_BIT_CONVERSION = YES;
				GCC_WARN_ABOUT_RETURN_TYPE = YES_ERROR;
				GCC_WARN_UNDECLARED_SELECTOR = YES;
				GCC_WARN_UNINITIALIZED_AUTOS = YES_AGGRESSIVE;
				GCC_WARN_UNUSED_FUNCTION = YES;
				GCC_WARN_UNUSED_VARIABLE = YES;
				IPHONEOS_DEPLOYMENT_TARGET = 10.2;
				MTL_ENABLE_DEBUG_INFO = YES;
				ONLY_ACTIVE_ARCH = YES;
				SDKROOT = iphoneos;
				TARGETED_DEVICE_FAMILY = "1,2";
			};
			name = Debug;
		};
		18708C021E7A8D770044DCDB /* Release */ = {
			isa = XCBuildConfiguration;
			buildSettings = {
				ALWAYS_SEARCH_USER_PATHS = NO;
				CLANG_ANALYZER_NONNULL = YES;
				CLANG_CXX_LANGUAGE_STANDARD = "gnu++0x";
				CLANG_CXX_LIBRARY = "libc++";
				CLANG_ENABLE_MODULES = YES;
				CLANG_ENABLE_OBJC_ARC = YES;
				CLANG_WARN_BOOL_CONVERSION = YES;
				CLANG_WARN_CONSTANT_CONVERSION = YES;
				CLANG_WARN_DIRECT_OBJC_ISA_USAGE = YES_ERROR;
				CLANG_WARN_DOCUMENTATION_COMMENTS = YES;
				CLANG_WARN_EMPTY_BODY = YES;
				CLANG_WARN_ENUM_CONVERSION = YES;
				CLANG_WARN_INFINITE_RECURSION = YES;
				CLANG_WARN_INT_CONVERSION = YES;
				CLANG_WARN_OBJC_ROOT_CLASS = YES_ERROR;
				CLANG_WARN_SUSPICIOUS_MOVE = YES;
				CLANG_WARN_UNREACHABLE_CODE = YES;
				CLANG_WARN__DUPLICATE_METHOD_MATCH = YES;
				"CODE_SIGN_IDENTITY[sdk=iphoneos*]" = "iPhone Developer";
				COPY_PHASE_STRIP = NO;
				DEBUG_INFORMATION_FORMAT = "dwarf-with-dsym";
				ENABLE_NS_ASSERTIONS = NO;
				ENABLE_STRICT_OBJC_MSGSEND = YES;
				GCC_C_LANGUAGE_STANDARD = gnu99;
				GCC_NO_COMMON_BLOCKS = YES;
				GCC_WARN_64_TO_32_BIT_CONVERSION = YES;
				GCC_WARN_ABOUT_RETURN_TYPE = YES_ERROR;
				GCC_WARN_UNDECLARED_SELECTOR = YES;
				GCC_WARN_UNINITIALIZED_AUTOS = YES_AGGRESSIVE;
				GCC_WARN_UNUSED_FUNCTION = YES;
				GCC_WARN_UNUSED_VARIABLE = YES;
				IPHONEOS_DEPLOYMENT_TARGET = 10.2;
				MTL_ENABLE_DEBUG_INFO = NO;
				SDKROOT = iphoneos;
				TARGETED_DEVICE_FAMILY = "1,2";
				VALIDATE_PRODUCT = YES;
			};
			name = Release;
		};
		18708C041E7A8D770044DCDB /* Debug */ = {
			isa = XCBuildConfiguration;
			buildSettings = {
				ASSETCATALOG_COMPILER_APPICON_NAME = AppIcon;
				INFOPLIST_FILE = "JS-OC/Info.plist";
				LD_RUNPATH_SEARCH_PATHS = "$(inherited) @executable_path/Frameworks";
				PRODUCT_BUNDLE_IDENTIFIER = "fanxiaobin.JS-OC";
				PRODUCT_NAME = "$(TARGET_NAME)";
			};
			name = Debug;
		};
		18708C051E7A8D770044DCDB /* Release */ = {
			isa = XCBuildConfiguration;
			buildSettings = {
				ASSETCATALOG_COMPILER_APPICON_NAME = AppIcon;
				INFOPLIST_FILE = "JS-OC/Info.plist";
				LD_RUNPATH_SEARCH_PATHS = "$(inherited) @executable_path/Frameworks";
				PRODUCT_BUNDLE_IDENTIFIER = "fanxiaobin.JS-OC";
				PRODUCT_NAME = "$(TARGET_NAME)";
			};
			name = Release;
		};
/* End XCBuildConfiguration section */

/* Begin XCConfigurationList section */
		18708BE71E7A8D770044DCDB /* Build configuration list for PBXProject "JS-OC" */ = {
			isa = XCConfigurationList;
			buildConfigurations = (
				18708C011E7A8D770044DCDB /* Debug */,
				18708C021E7A8D770044DCDB /* Release */,
			);
			defaultConfigurationIsVisible = 0;
			defaultConfigurationName = Release;
		};
		18708C031E7A8D770044DCDB /* Build configuration list for PBXNativeTarget "JS-OC" */ = {
			isa = XCConfigurationList;
			buildConfigurations = (
				18708C041E7A8D770044DCDB /* Debug */,
				18708C051E7A8D770044DCDB /* Release */,
			);
			defaultConfigurationIsVisible = 0;
		};
/* End XCConfigurationList section */
	};
	rootObject = 18708BE41E7A8D770044DCDB /* Project object */;
}
